{
  "name": "@mrmelon54/yunbridge",
  "version": "0.0.1",
  "lockfileVersion": 2,
  "requires": true,
  "packages": {
    "": {
      "name": "@mrmelon54/yunbridge",
      "version": "0.0.1",
      "license": "ISC",
      "dependencies": {
        "json-over-tcp": "^0.3.2"
      }
    },
    "node_modules/its": {
      "version": "1.0.2",
      "resolved": "https://registry.npmjs.org/its/-/its-1.0.2.tgz",
      "integrity": "sha1-Qj9Fu6mVpZxo0ez46EjcEIkbTNI="
    },
    "node_modules/json-over-tcp": {
      "version": "0.3.2",
      "resolved": "https://registry.npmjs.org/json-over-tcp/-/json-over-tcp-0.3.2.tgz",
      "integrity": "sha1-ovEUXm/EWUn8c80Lc4oDAEvqcvM=",
      "dependencies": {
        "its": "~1.0.0"
      },
      "engines": {
        "node": "*"
      }
    }
  },
  "dependencies": {
    "its": {
      "version": "1.0.2",
      "resolved": "https://registry.npmjs.org/its/-/its-1.0.2.tgz",
      "integrity": "sha1-Qj9Fu6mVpZxo0ez46EjcEIkbTNI="
    },
    "json-over-tcp": {
      "version": "0.3.2",
      "resolved": "https://registry.npmjs.org/json-over-tcp/-/json-over-tcp-0.3.2.tgz",
      "integrity": "sha1-ovEUXm/EWUn8c80Lc4oDAEvqcvM=",
      "requires": {
        "its": "~1.0.0"
      }
    }
  }
}
